
Microsoft Visual Studio Solution File, Format Version 12.00
# Visual Studio Version 17
VisualStudioVersion = 17.5.2.0
MinimumVisualStudioVersion = 10.0.40219.1
Project("{2150E333-8FDC-42A3-9474-1A3956D46DE8}") = "src", "src", "{02EA681E-C7D8-13C7-8484-4AC65E1B71E8}"
EndProject
Project("{2150E333-8FDC-42A3-9474-1A3956D46DE8}") = "Modules", "Modules", "{DB66F333-B7B9-428E-87A4-D7A5CD4FFBF3}"
EndProject
Project("{2150E333-8FDC-42A3-9474-1A3956D46DE8}") = "Shared", "Shared", "{A29A9555-C646-4469-A111-6E8C02130D9B}"
EndProject
Project("{FAE04EC0-301F-11D3-BF4B-00C04F79EFBC}") = "BakeryHub.Shared.Kernel", "BakeryHub.Shared.Kernel\BakeryHub.Shared.Kernel.csproj", "{7FBE24DB-24CC-448B-BB21-9651F9711B02}"
EndProject
Project("{2150E333-8FDC-42A3-9474-1A3956D46DE8}") = "Catalog", "Catalog", "{30177C99-0AD6-47DA-A4D5-F7326D236DB6}"
EndProject
Project("{FAE04EC0-301F-11D3-BF4B-00C04F79EFBC}") = "BakeryHub.Modules.Catalog.Domain", "BakeryHub.Modules.Catalog.Domain\BakeryHub.Modules.Catalog.Domain.csproj", "{3E86D744-C46D-4207-AF33-80FBB134F09E}"
EndProject
Project("{FAE04EC0-301F-11D3-BF4B-00C04F79EFBC}") = "BakeryHub.Modules.Catalog.Application", "BakeryHub.Modules.Catalog.Application\BakeryHub.Modules.Catalog.Application.csproj", "{42EC5F58-8B85-431D-8AED-3FDC9F86FEFB}"
EndProject
Project("{FAE04EC0-301F-11D3-BF4B-00C04F79EFBC}") = "BakeryHub.Modules.Catalog.Infrastructure", "BakeryHub.Modules.Catalog.Infrastructure\BakeryHub.Modules.Catalog.Infrastructure.csproj", "{BBD097AA-DA01-49E1-BB83-D2A3FB505225}"
EndProject
Project("{FAE04EC0-301F-11D3-BF4B-00C04F79EFBC}") = "BakeryHub.Modules.Catalog.Api", "BakeryHub.Modules.Catalog.Api\BakeryHub.Modules.Catalog.Api.csproj", "{87F1B897-B55D-4FBB-9D49-5CA65B2CF836}"
EndProject
Project("{FAE04EC0-301F-11D3-BF4B-00C04F79EFBC}") = "BakeryHub.Host", "BakeryHub.Host\BakeryHub.Host.csproj", "{7C877CDD-E96F-9986-4502-FBC204039CF1}"
EndProject
Project("{FAE04EC0-301F-11D3-BF4B-00C04F79EFBC}") = "BakeryHub.Application", "BakeryHub.Application\BakeryHub.Application.csproj", "{0E188F8B-A251-6EA3-D6E6-98A6CB1ACF9A}"
EndProject
Project("{FAE04EC0-301F-11D3-BF4B-00C04F79EFBC}") = "BakeryHub.Domain", "BakeryHub.Domain\BakeryHub.Domain.csproj", "{D4865D22-4FD3-6440-A8EE-C40DCD6873C4}"
EndProject
Project("{FAE04EC0-301F-11D3-BF4B-00C04F79EFBC}") = "BakeryHub.Infrastructure", "BakeryHub.Infrastructure\BakeryHub.Infrastructure.csproj", "{BFFEFBBA-0080-932F-4B36-02A5CE8D2153}"
EndProject
Project("{2150E333-8FDC-42A3-9474-1A3956D46DE8}") = "Accounts", "Accounts", "{8045B50E-C7B9-48D7-9E9F-95A22EB1BBD0}"
EndProject
Project("{FAE04EC0-301F-11D3-BF4B-00C04F79EFBC}") = "BakeryHub.Modules.Accounts.Api", "BakeryHub.Modules.Accounts.Api\BakeryHub.Modules.Accounts.Api.csproj", "{5CCCA057-1A34-480E-B7BF-3E330BFF4BBF}"
EndProject
Project("{FAE04EC0-301F-11D3-BF4B-00C04F79EFBC}") = "BakeryHub.Modules.Accounts.Application", "BakeryHub.Modules.Accounts.Application\BakeryHub.Modules.Accounts.Application.csproj", "{F36D4DD2-1429-4C0A-915E-08BEAC45745E}"
EndProject
Project("{FAE04EC0-301F-11D3-BF4B-00C04F79EFBC}") = "BakeryHub.Modules.Accounts.Domain", "BakeryHub.Modules.Accounts.Domain\BakeryHub.Modules.Accounts.Domain.csproj", "{6A0E6224-7DE2-486C-B7CF-93A82383109C}"
EndProject
Project("{FAE04EC0-301F-11D3-BF4B-00C04F79EFBC}") = "BakeryHub.Modules.Accounts.Infrastructure", "BakeryHub.Modules.Accounts.Infrastructure\BakeryHub.Modules.Accounts.Infrastructure.csproj", "{19ADF542-5B55-482C-9F11-3F42A8A066B5}"
EndProject
Project("{2150E333-8FDC-42A3-9474-1A3956D46DE8}") = "Tenants", "Tenants", "{A6D188B3-5AA0-4208-B13A-556A24DF08CE}"
EndProject
Project("{FAE04EC0-301F-11D3-BF4B-00C04F79EFBC}") = "BakeryHub.Modules.Tenants.Application", "BakeryHub.Modules.Tenants.Application\BakeryHub.Modules.Tenants.Application.csproj", "{C66603C6-9EA4-4FA9-8ECF-A9CD101CC2C7}"
EndProject
Project("{FAE04EC0-301F-11D3-BF4B-00C04F79EFBC}") = "BakeryHub.Modules.Tenants.Domain", "BakeryHub.Modules.Tenants.Domain\BakeryHub.Modules.Tenants.Domain.csproj", "{ECA0189F-840C-4200-A5B3-97C8D41E60DC}"
EndProject
Project("{FAE04EC0-301F-11D3-BF4B-00C04F79EFBC}") = "BakeryHub.Modules.Tenants.Infrastructure", "BakeryHub.Modules.Tenants.Infrastructure\BakeryHub.Modules.Tenants.Infrastructure.csproj", "{AAC128E7-4525-484C-987D-A627187AA2B5}"
EndProject
Project("{FAE04EC0-301F-11D3-BF4B-00C04F79EFBC}") = "BakeryHub.Modules.Tenants.Api", "BakeryHub.Modules.Tenants.Api\BakeryHub.Modules.Tenants.Api.csproj", "{E528C6B4-C437-4B6E-B457-B5E634FECEE1}"
EndProject
Project("{2150E333-8FDC-42A3-9474-1A3956D46DE8}") = "Orders", "Orders", "{2BE69F31-2B43-4666-8108-37ECE6B9FEE7}"
EndProject
Project("{FAE04EC0-301F-11D3-BF4B-00C04F79EFBC}") = "BakeryHub.Modules.Orders.Domain", "BakeryHub.Modules.Orders.Domain\BakeryHub.Modules.Orders.Domain.csproj", "{4EFF55DF-8212-4CF0-90A7-025F70F16AE0}"
EndProject
Project("{FAE04EC0-301F-11D3-BF4B-00C04F79EFBC}") = "BakeryHub.Modules.Orders.Application", "BakeryHub.Modules.Orders.Application\BakeryHub.Modules.Orders.Application.csproj", "{2782EB3C-5278-490F-89C2-DB8D7B083E0B}"
EndProject
Project("{FAE04EC0-301F-11D3-BF4B-00C04F79EFBC}") = "BakeryHub.Modules.Orders.Infrastructure", "BakeryHub.Modules.Orders.Infrastructure\BakeryHub.Modules.Orders.Infrastructure.csproj", "{5169FC64-9FF1-4421-8D31-FAA471488B31}"
EndProject
Project("{FAE04EC0-301F-11D3-BF4B-00C04F79EFBC}") = "BakeryHub.Modules.Orders.Api", "BakeryHub.Modules.Orders.Api\BakeryHub.Modules.Orders.Api.csproj", "{7A2343BD-7F87-49A4-9C82-9266C4121A1B}"
EndProject
Project("{2150E333-8FDC-42A3-9474-1A3956D46DE8}") = "Dashboard", "Dashboard", "{50F2DE38-112F-4F58-B220-F6C2370E4C61}"
EndProject
Project("{FAE04EC0-301F-11D3-BF4B-00C04F79EFBC}") = "BakeryHub.Modules.Dashboard.Domain", "BakeryHub.Modules.Dashboard.Domain\BakeryHub.Modules.Dashboard.Domain.csproj", "{05CCDC3E-118E-416E-9D35-B492F6438641}"
EndProject
Project("{FAE04EC0-301F-11D3-BF4B-00C04F79EFBC}") = "BakeryHub.Modules.Dashboard.Application", "BakeryHub.Modules.Dashboard.Application\BakeryHub.Modules.Dashboard.Application.csproj", "{0794E224-A70B-4B22-963C-80A6C25679EC}"
EndProject
Project("{FAE04EC0-301F-11D3-BF4B-00C04F79EFBC}") = "BakeryHub.Modules.Dashboard.Infrastructure", "BakeryHub.Modules.Dashboard.Infrastructure\BakeryHub.Modules.Dashboard.Infrastructure.csproj", "{62A7B080-92D4-491A-BBE3-2155B772BB52}"
EndProject
Project("{FAE04EC0-301F-11D3-BF4B-00C04F79EFBC}") = "BakeryHub.Modules.Dashboard.Api", "BakeryHub.Modules.Dashboard.Api\BakeryHub.Modules.Dashboard.Api.csproj", "{1597506E-0D76-4FE5-8D16-069174952A27}"
EndProject
Project("{2150E333-8FDC-42A3-9474-1A3956D46DE8}") = "Recommendations", "Recommendations", "{E65712D6-C374-4FF0-959C-B974D6456421}"
EndProject
Project("{FAE04EC0-301F-11D3-BF4B-00C04F79EFBC}") = "BakeryHub.Modules.Recommendations.Domain", "BakeryHub.Modules.Recommendations.Domain\BakeryHub.Modules.Recommendations.Domain.csproj", "{7005548F-A0B7-4FA0-9E09-69D050F65DE1}"
EndProject
Project("{FAE04EC0-301F-11D3-BF4B-00C04F79EFBC}") = "BakeryHub.Modules.Recommendations.Application", "BakeryHub.Modules.Recommendations.Application\BakeryHub.Modules.Recommendations.Application.csproj", "{D7E4F006-F054-42A4-B1BD-4558A92CC106}"
EndProject
Project("{FAE04EC0-301F-11D3-BF4B-00C04F79EFBC}") = "BakeryHub.Modules.Recommendations.Infrastructure", "BakeryHub.Modules.Recommendations.Infrastructure\BakeryHub.Modules.Recommendations.Infrastructure.csproj", "{00BB7ECF-889E-40E2-B79B-33A8FFF8783A}"
EndProject
Project("{FAE04EC0-301F-11D3-BF4B-00C04F79EFBC}") = "BakeryHub.Modules.Recommendations.Api", "BakeryHub.Modules.Recommendations.Api\BakeryHub.Modules.Recommendations.Api.csproj", "{FE481963-9AD6-40F5-96EF-450892B0670C}"
EndProject
Global
	GlobalSection(SolutionConfigurationPlatforms) = preSolution
		Debug|Any CPU = Debug|Any CPU
		Debug|x64 = Debug|x64
		Debug|x86 = Debug|x86
		Release|Any CPU = Release|Any CPU
		Release|x64 = Release|x64
		Release|x86 = Release|x86
	EndGlobalSection
	GlobalSection(ProjectConfigurationPlatforms) = postSolution
		{7FBE24DB-24CC-448B-BB21-9651F9711B02}.Debug|Any CPU.ActiveCfg = Debug|Any CPU
		{7FBE24DB-24CC-448B-BB21-9651F9711B02}.Debug|Any CPU.Build.0 = Debug|Any CPU
		{7FBE24DB-24CC-448B-BB21-9651F9711B02}.Debug|x64.ActiveCfg = Debug|Any CPU
		{7FBE24DB-24CC-448B-BB21-9651F9711B02}.Debug|x64.Build.0 = Debug|Any CPU
		{7FBE24DB-24CC-448B-BB21-9651F9711B02}.Debug|x86.ActiveCfg = Debug|Any CPU
		{7FBE24DB-24CC-448B-BB21-9651F9711B02}.Debug|x86.Build.0 = Debug|Any CPU
		{7FBE24DB-24CC-448B-BB21-9651F9711B02}.Release|Any CPU.ActiveCfg = Release|Any CPU
		{7FBE24DB-24CC-448B-BB21-9651F9711B02}.Release|Any CPU.Build.0 = Release|Any CPU
		{7FBE24DB-24CC-448B-BB21-9651F9711B02}.Release|x64.ActiveCfg = Release|Any CPU
		{7FBE24DB-24CC-448B-BB21-9651F9711B02}.Release|x64.Build.0 = Release|Any CPU
		{7FBE24DB-24CC-448B-BB21-9651F9711B02}.Release|x86.ActiveCfg = Release|Any CPU
		{7FBE24DB-24CC-448B-BB21-9651F9711B02}.Release|x86.Build.0 = Release|Any CPU
		{3E86D744-C46D-4207-AF33-80FBB134F09E}.Debug|Any CPU.ActiveCfg = Debug|Any CPU
		{3E86D744-C46D-4207-AF33-80FBB134F09E}.Debug|Any CPU.Build.0 = Debug|Any CPU
		{3E86D744-C46D-4207-AF33-80FBB134F09E}.Debug|x64.ActiveCfg = Debug|Any CPU
		{3E86D744-C46D-4207-AF33-80FBB134F09E}.Debug|x64.Build.0 = Debug|Any CPU
		{3E86D744-C46D-4207-AF33-80FBB134F09E}.Debug|x86.ActiveCfg = Debug|Any CPU
		{3E86D744-C46D-4207-AF33-80FBB134F09E}.Debug|x86.Build.0 = Debug|Any CPU
		{3E86D744-C46D-4207-AF33-80FBB134F09E}.Release|Any CPU.ActiveCfg = Release|Any CPU
		{3E86D744-C46D-4207-AF33-80FBB134F09E}.Release|Any CPU.Build.0 = Release|Any CPU
		{3E86D744-C46D-4207-AF33-80FBB134F09E}.Release|x64.ActiveCfg = Release|Any CPU
		{3E86D744-C46D-4207-AF33-80FBB134F09E}.Release|x64.Build.0 = Release|Any CPU
		{3E86D744-C46D-4207-AF33-80FBB134F09E}.Release|x86.ActiveCfg = Release|Any CPU
		{3E86D744-C46D-4207-AF33-80FBB134F09E}.Release|x86.Build.0 = Release|Any CPU
		{42EC5F58-8B85-431D-8AED-3FDC9F86FEFB}.Debug|Any CPU.ActiveCfg = Debug|Any CPU
		{42EC5F58-8B85-431D-8AED-3FDC9F86FEFB}.Debug|Any CPU.Build.0 = Debug|Any CPU
		{42EC5F58-8B85-431D-8AED-3FDC9F86FEFB}.Debug|x64.ActiveCfg = Debug|Any CPU
		{42EC5F58-8B85-431D-8AED-3FDC9F86FEFB}.Debug|x64.Build.0 = Debug|Any CPU
		{42EC5F58-8B85-431D-8AED-3FDC9F86FEFB}.Debug|x86.ActiveCfg = Debug|Any CPU
		{42EC5F58-8B85-431D-8AED-3FDC9F86FEFB}.Debug|x86.Build.0 = Debug|Any CPU
		{42EC5F58-8B85-431D-8AED-3FDC9F86FEFB}.Release|Any CPU.ActiveCfg = Release|Any CPU
		{42EC5F58-8B85-431D-8AED-3FDC9F86FEFB}.Release|Any CPU.Build.0 = Release|Any CPU
		{42EC5F58-8B85-431D-8AED-3FDC9F86FEFB}.Release|x64.ActiveCfg = Release|Any CPU
		{42EC5F58-8B85-431D-8AED-3FDC9F86FEFB}.Release|x64.Build.0 = Release|Any CPU
		{42EC5F58-8B85-431D-8AED-3FDC9F86FEFB}.Release|x86.ActiveCfg = Release|Any CPU
		{42EC5F58-8B85-431D-8AED-3FDC9F86FEFB}.Release|x86.Build.0 = Release|Any CPU
		{BBD097AA-DA01-49E1-BB83-D2A3FB505225}.Debug|Any CPU.ActiveCfg = Debug|Any CPU
		{BBD097AA-DA01-49E1-BB83-D2A3FB505225}.Debug|Any CPU.Build.0 = Debug|Any CPU
		{BBD097AA-DA01-49E1-BB83-D2A3FB505225}.Debug|x64.ActiveCfg = Debug|Any CPU
		{BBD097AA-DA01-49E1-BB83-D2A3FB505225}.Debug|x64.Build.0 = Debug|Any CPU
		{BBD097AA-DA01-49E1-BB83-D2A3FB505225}.Debug|x86.ActiveCfg = Debug|Any CPU
		{BBD097AA-DA01-49E1-BB83-D2A3FB505225}.Debug|x86.Build.0 = Debug|Any CPU
		{BBD097AA-DA01-49E1-BB83-D2A3FB505225}.Release|Any CPU.ActiveCfg = Release|Any CPU
		{BBD097AA-DA01-49E1-BB83-D2A3FB505225}.Release|Any CPU.Build.0 = Release|Any CPU
		{BBD097AA-DA01-49E1-BB83-D2A3FB505225}.Release|x64.ActiveCfg = Release|Any CPU
		{BBD097AA-DA01-49E1-BB83-D2A3FB505225}.Release|x64.Build.0 = Release|Any CPU
		{BBD097AA-DA01-49E1-BB83-D2A3FB505225}.Release|x86.ActiveCfg = Release|Any CPU
		{BBD097AA-DA01-49E1-BB83-D2A3FB505225}.Release|x86.Build.0 = Release|Any CPU
		{87F1B897-B55D-4FBB-9D49-5CA65B2CF836}.Debug|Any CPU.ActiveCfg = Debug|Any CPU
		{87F1B897-B55D-4FBB-9D49-5CA65B2CF836}.Debug|Any CPU.Build.0 = Debug|Any CPU
		{87F1B897-B55D-4FBB-9D49-5CA65B2CF836}.Debug|x64.ActiveCfg = Debug|Any CPU
		{87F1B897-B55D-4FBB-9D49-5CA65B2CF836}.Debug|x64.Build.0 = Debug|Any CPU
		{87F1B897-B55D-4FBB-9D49-5CA65B2CF836}.Debug|x86.ActiveCfg = Debug|Any CPU
		{87F1B897-B55D-4FBB-9D49-5CA65B2CF836}.Debug|x86.Build.0 = Debug|Any CPU
		{87F1B897-B55D-4FBB-9D49-5CA65B2CF836}.Release|Any CPU.ActiveCfg = Release|Any CPU
		{87F1B897-B55D-4FBB-9D49-5CA65B2CF836}.Release|Any CPU.Build.0 = Release|Any CPU
		{87F1B897-B55D-4FBB-9D49-5CA65B2CF836}.Release|x64.ActiveCfg = Release|Any CPU
		{87F1B897-B55D-4FBB-9D49-5CA65B2CF836}.Release|x64.Build.0 = Release|Any CPU
		{87F1B897-B55D-4FBB-9D49-5CA65B2CF836}.Release|x86.ActiveCfg = Release|Any CPU
		{87F1B897-B55D-4FBB-9D49-5CA65B2CF836}.Release|x86.Build.0 = Release|Any CPU
		{7C877CDD-E96F-9986-4502-FBC204039CF1}.Debug|Any CPU.ActiveCfg = Debug|Any CPU
		{7C877CDD-E96F-9986-4502-FBC204039CF1}.Debug|Any CPU.Build.0 = Debug|Any CPU
		{7C877CDD-E96F-9986-4502-FBC204039CF1}.Debug|x64.ActiveCfg = Debug|Any CPU
		{7C877CDD-E96F-9986-4502-FBC204039CF1}.Debug|x64.Build.0 = Debug|Any CPU
		{7C877CDD-E96F-9986-4502-FBC204039CF1}.Debug|x86.ActiveCfg = Debug|Any CPU
		{7C877CDD-E96F-9986-4502-FBC204039CF1}.Debug|x86.Build.0 = Debug|Any CPU
		{7C877CDD-E96F-9986-4502-FBC204039CF1}.Release|Any CPU.ActiveCfg = Release|Any CPU
		{7C877CDD-E96F-9986-4502-FBC204039CF1}.Release|Any CPU.Build.0 = Release|Any CPU
		{7C877CDD-E96F-9986-4502-FBC204039CF1}.Release|x64.ActiveCfg = Release|Any CPU
		{7C877CDD-E96F-9986-4502-FBC204039CF1}.Release|x64.Build.0 = Release|Any CPU
		{7C877CDD-E96F-9986-4502-FBC204039CF1}.Release|x86.ActiveCfg = Release|Any CPU
		{7C877CDD-E96F-9986-4502-FBC204039CF1}.Release|x86.Build.0 = Release|Any CPU
		{0E188F8B-A251-6EA3-D6E6-98A6CB1ACF9A}.Debug|Any CPU.ActiveCfg = Debug|Any CPU
		{0E188F8B-A251-6EA3-D6E6-98A6CB1ACF9A}.Debug|Any CPU.Build.0 = Debug|Any CPU
		{0E188F8B-A251-6EA3-D6E6-98A6CB1ACF9A}.Debug|x64.ActiveCfg = Debug|Any CPU
		{0E188F8B-A251-6EA3-D6E6-98A6CB1ACF9A}.Debug|x64.Build.0 = Debug|Any CPU
		{0E188F8B-A251-6EA3-D6E6-98A6CB1ACF9A}.Debug|x86.ActiveCfg = Debug|Any CPU
		{0E188F8B-A251-6EA3-D6E6-98A6CB1ACF9A}.Debug|x86.Build.0 = Debug|Any CPU
		{0E188F8B-A251-6EA3-D6E6-98A6CB1ACF9A}.Release|Any CPU.ActiveCfg = Release|Any CPU
		{0E188F8B-A251-6EA3-D6E6-98A6CB1ACF9A}.Release|Any CPU.Build.0 = Release|Any CPU
		{0E188F8B-A251-6EA3-D6E6-98A6CB1ACF9A}.Release|x64.ActiveCfg = Release|Any CPU
		{0E188F8B-A251-6EA3-D6E6-98A6CB1ACF9A}.Release|x64.Build.0 = Release|Any CPU
		{0E188F8B-A251-6EA3-D6E6-98A6CB1ACF9A}.Release|x86.ActiveCfg = Release|Any CPU
		{0E188F8B-A251-6EA3-D6E6-98A6CB1ACF9A}.Release|x86.Build.0 = Release|Any CPU
		{D4865D22-4FD3-6440-A8EE-C40DCD6873C4}.Debug|Any CPU.ActiveCfg = Debug|Any CPU
		{D4865D22-4FD3-6440-A8EE-C40DCD6873C4}.Debug|Any CPU.Build.0 = Debug|Any CPU
		{D4865D22-4FD3-6440-A8EE-C40DCD6873C4}.Debug|x64.ActiveCfg = Debug|Any CPU
		{D4865D22-4FD3-6440-A8EE-C40DCD6873C4}.Debug|x64.Build.0 = Debug|Any CPU
		{D4865D22-4FD3-6440-A8EE-C40DCD6873C4}.Debug|x86.ActiveCfg = Debug|Any CPU
		{D4865D22-4FD3-6440-A8EE-C40DCD6873C4}.Debug|x86.Build.0 = Debug|Any CPU
		{D4865D22-4FD3-6440-A8EE-C40DCD6873C4}.Release|Any CPU.ActiveCfg = Release|Any CPU
		{D4865D22-4FD3-6440-A8EE-C40DCD6873C4}.Release|Any CPU.Build.0 = Release|Any CPU
		{D4865D22-4FD3-6440-A8EE-C40DCD6873C4}.Release|x64.ActiveCfg = Release|Any CPU
		{D4865D22-4FD3-6440-A8EE-C40DCD6873C4}.Release|x64.Build.0 = Release|Any CPU
		{D4865D22-4FD3-6440-A8EE-C40DCD6873C4}.Release|x86.ActiveCfg = Release|Any CPU
		{D4865D22-4FD3-6440-A8EE-C40DCD6873C4}.Release|x86.Build.0 = Release|Any CPU
		{BFFEFBBA-0080-932F-4B36-02A5CE8D2153}.Debug|Any CPU.ActiveCfg = Debug|Any CPU
		{BFFEFBBA-0080-932F-4B36-02A5CE8D2153}.Debug|Any CPU.Build.0 = Debug|Any CPU
		{BFFEFBBA-0080-932F-4B36-02A5CE8D2153}.Debug|x64.ActiveCfg = Debug|Any CPU
		{BFFEFBBA-0080-932F-4B36-02A5CE8D2153}.Debug|x64.Build.0 = Debug|Any CPU
		{BFFEFBBA-0080-932F-4B36-02A5CE8D2153}.Debug|x86.ActiveCfg = Debug|Any CPU
		{BFFEFBBA-0080-932F-4B36-02A5CE8D2153}.Debug|x86.Build.0 = Debug|Any CPU
		{BFFEFBBA-0080-932F-4B36-02A5CE8D2153}.Release|Any CPU.ActiveCfg = Release|Any CPU
		{BFFEFBBA-0080-932F-4B36-02A5CE8D2153}.Release|Any CPU.Build.0 = Release|Any CPU
		{BFFEFBBA-0080-932F-4B36-02A5CE8D2153}.Release|x64.ActiveCfg = Release|Any CPU
		{BFFEFBBA-0080-932F-4B36-02A5CE8D2153}.Release|x64.Build.0 = Release|Any CPU
		{BFFEFBBA-0080-932F-4B36-02A5CE8D2153}.Release|x86.ActiveCfg = Release|Any CPU
		{BFFEFBBA-0080-932F-4B36-02A5CE8D2153}.Release|x86.Build.0 = Release|Any CPU
		{5CCCA057-1A34-480E-B7BF-3E330BFF4BBF}.Debug|Any CPU.ActiveCfg = Debug|Any CPU
		{5CCCA057-1A34-480E-B7BF-3E330BFF4BBF}.Debug|Any CPU.Build.0 = Debug|Any CPU
		{5CCCA057-1A34-480E-B7BF-3E330BFF4BBF}.Debug|x64.ActiveCfg = Debug|Any CPU
		{5CCCA057-1A34-480E-B7BF-3E330BFF4BBF}.Debug|x64.Build.0 = Debug|Any CPU
		{5CCCA057-1A34-480E-B7BF-3E330BFF4BBF}.Debug|x86.ActiveCfg = Debug|Any CPU
		{5CCCA057-1A34-480E-B7BF-3E330BFF4BBF}.Debug|x86.Build.0 = Debug|Any CPU
		{5CCCA057-1A34-480E-B7BF-3E330BFF4BBF}.Release|Any CPU.ActiveCfg = Release|Any CPU
		{5CCCA057-1A34-480E-B7BF-3E330BFF4BBF}.Release|Any CPU.Build.0 = Release|Any CPU
		{5CCCA057-1A34-480E-B7BF-3E330BFF4BBF}.Release|x64.ActiveCfg = Release|Any CPU
		{5CCCA057-1A34-480E-B7BF-3E330BFF4BBF}.Release|x64.Build.0 = Release|Any CPU
		{5CCCA057-1A34-480E-B7BF-3E330BFF4BBF}.Release|x86.ActiveCfg = Release|Any CPU
		{5CCCA057-1A34-480E-B7BF-3E330BFF4BBF}.Release|x86.Build.0 = Release|Any CPU
		{F36D4DD2-1429-4C0A-915E-08BEAC45745E}.Debug|Any CPU.ActiveCfg = Debug|Any CPU
		{F36D4DD2-1429-4C0A-915E-08BEAC45745E}.Debug|Any CPU.Build.0 = Debug|Any CPU
		{F36D4DD2-1429-4C0A-915E-08BEAC45745E}.Debug|x64.ActiveCfg = Debug|Any CPU
		{F36D4DD2-1429-4C0A-915E-08BEAC45745E}.Debug|x64.Build.0 = Debug|Any CPU
		{F36D4DD2-1429-4C0A-915E-08BEAC45745E}.Debug|x86.ActiveCfg = Debug|Any CPU
		{F36D4DD2-1429-4C0A-915E-08BEAC45745E}.Debug|x86.Build.0 = Debug|Any CPU
		{F36D4DD2-1429-4C0A-915E-08BEAC45745E}.Release|Any CPU.ActiveCfg = Release|Any CPU
		{F36D4DD2-1429-4C0A-915E-08BEAC45745E}.Release|Any CPU.Build.0 = Release|Any CPU
		{F36D4DD2-1429-4C0A-915E-08BEAC45745E}.Release|x64.ActiveCfg = Release|Any CPU
		{F36D4DD2-1429-4C0A-915E-08BEAC45745E}.Release|x64.Build.0 = Release|Any CPU
		{F36D4DD2-1429-4C0A-915E-08BEAC45745E}.Release|x86.ActiveCfg = Release|Any CPU
		{F36D4DD2-1429-4C0A-915E-08BEAC45745E}.Release|x86.Build.0 = Release|Any CPU
		{6A0E6224-7DE2-486C-B7CF-93A82383109C}.Debug|Any CPU.ActiveCfg = Debug|Any CPU
		{6A0E6224-7DE2-486C-B7CF-93A82383109C}.Debug|Any CPU.Build.0 = Debug|Any CPU
		{6A0E6224-7DE2-486C-B7CF-93A82383109C}.Debug|x64.ActiveCfg = Debug|Any CPU
		{6A0E6224-7DE2-486C-B7CF-93A82383109C}.Debug|x64.Build.0 = Debug|Any CPU
		{6A0E6224-7DE2-486C-B7CF-93A82383109C}.Debug|x86.ActiveCfg = Debug|Any CPU
		{6A0E6224-7DE2-486C-B7CF-93A82383109C}.Debug|x86.Build.0 = Debug|Any CPU
		{6A0E6224-7DE2-486C-B7CF-93A82383109C}.Release|Any CPU.ActiveCfg = Release|Any CPU
		{6A0E6224-7DE2-486C-B7CF-93A82383109C}.Release|Any CPU.Build.0 = Release|Any CPU
		{6A0E6224-7DE2-486C-B7CF-93A82383109C}.Release|x64.ActiveCfg = Release|Any CPU
		{6A0E6224-7DE2-486C-B7CF-93A82383109C}.Release|x64.Build.0 = Release|Any CPU
		{6A0E6224-7DE2-486C-B7CF-93A82383109C}.Release|x86.ActiveCfg = Release|Any CPU
		{6A0E6224-7DE2-486C-B7CF-93A82383109C}.Release|x86.Build.0 = Release|Any CPU
		{19ADF542-5B55-482C-9F11-3F42A8A066B5}.Debug|Any CPU.ActiveCfg = Debug|Any CPU
		{19ADF542-5B55-482C-9F11-3F42A8A066B5}.Debug|Any CPU.Build.0 = Debug|Any CPU
		{19ADF542-5B55-482C-9F11-3F42A8A066B5}.Debug|x64.ActiveCfg = Debug|Any CPU
		{19ADF542-5B55-482C-9F11-3F42A8A066B5}.Debug|x64.Build.0 = Debug|Any CPU
		{19ADF542-5B55-482C-9F11-3F42A8A066B5}.Debug|x86.ActiveCfg = Debug|Any CPU
		{19ADF542-5B55-482C-9F11-3F42A8A066B5}.Debug|x86.Build.0 = Debug|Any CPU
		{19ADF542-5B55-482C-9F11-3F42A8A066B5}.Release|Any CPU.ActiveCfg = Release|Any CPU
		{19ADF542-5B55-482C-9F11-3F42A8A066B5}.Release|Any CPU.Build.0 = Release|Any CPU
		{19ADF542-5B55-482C-9F11-3F42A8A066B5}.Release|x64.ActiveCfg = Release|Any CPU
		{19ADF542-5B55-482C-9F11-3F42A8A066B5}.Release|x64.Build.0 = Release|Any CPU
		{19ADF542-5B55-482C-9F11-3F42A8A066B5}.Release|x86.ActiveCfg = Release|Any CPU
		{19ADF542-5B55-482C-9F11-3F42A8A066B5}.Release|x86.Build.0 = Release|Any CPU
		{C66603C6-9EA4-4FA9-8ECF-A9CD101CC2C7}.Debug|Any CPU.ActiveCfg = Debug|Any CPU
		{C66603C6-9EA4-4FA9-8ECF-A9CD101CC2C7}.Debug|Any CPU.Build.0 = Debug|Any CPU
		{C66603C6-9EA4-4FA9-8ECF-A9CD101CC2C7}.Debug|x64.ActiveCfg = Debug|Any CPU
		{C66603C6-9EA4-4FA9-8ECF-A9CD101CC2C7}.Debug|x64.Build.0 = Debug|Any CPU
		{C66603C6-9EA4-4FA9-8ECF-A9CD101CC2C7}.Debug|x86.ActiveCfg = Debug|Any CPU
		{C66603C6-9EA4-4FA9-8ECF-A9CD101CC2C7}.Debug|x86.Build.0 = Debug|Any CPU
		{C66603C6-9EA4-4FA9-8ECF-A9CD101CC2C7}.Release|Any CPU.ActiveCfg = Release|Any CPU
		{C66603C6-9EA4-4FA9-8ECF-A9CD101CC2C7}.Release|Any CPU.Build.0 = Release|Any CPU
		{C66603C6-9EA4-4FA9-8ECF-A9CD101CC2C7}.Release|x64.ActiveCfg = Release|Any CPU
		{C66603C6-9EA4-4FA9-8ECF-A9CD101CC2C7}.Release|x64.Build.0 = Release|Any CPU
		{C66603C6-9EA4-4FA9-8ECF-A9CD101CC2C7}.Release|x86.ActiveCfg = Release|Any CPU
		{C66603C6-9EA4-4FA9-8ECF-A9CD101CC2C7}.Release|x86.Build.0 = Release|Any CPU
		{ECA0189F-840C-4200-A5B3-97C8D41E60DC}.Debug|Any CPU.ActiveCfg = Debug|Any CPU
		{ECA0189F-840C-4200-A5B3-97C8D41E60DC}.Debug|Any CPU.Build.0 = Debug|Any CPU
		{ECA0189F-840C-4200-A5B3-97C8D41E60DC}.Debug|x64.ActiveCfg = Debug|Any CPU
		{ECA0189F-840C-4200-A5B3-97C8D41E60DC}.Debug|x64.Build.0 = Debug|Any CPU
		{ECA0189F-840C-4200-A5B3-97C8D41E60DC}.Debug|x86.ActiveCfg = Debug|Any CPU
		{ECA0189F-840C-4200-A5B3-97C8D41E60DC}.Debug|x86.Build.0 = Debug|Any CPU
		{ECA0189F-840C-4200-A5B3-97C8D41E60DC}.Release|Any CPU.ActiveCfg = Release|Any CPU
		{ECA0189F-840C-4200-A5B3-97C8D41E60DC}.Release|Any CPU.Build.0 = Release|Any CPU
		{ECA0189F-840C-4200-A5B3-97C8D41E60DC}.Release|x64.ActiveCfg = Release|Any CPU
		{ECA0189F-840C-4200-A5B3-97C8D41E60DC}.Release|x64.Build.0 = Release|Any CPU
		{ECA0189F-840C-4200-A5B3-97C8D41E60DC}.Release|x86.ActiveCfg = Release|Any CPU
		{ECA0189F-840C-4200-A5B3-97C8D41E60DC}.Release|x86.Build.0 = Release|Any CPU
		{AAC128E7-4525-484C-987D-A627187AA2B5}.Debug|Any CPU.ActiveCfg = Debug|Any CPU
		{AAC128E7-4525-484C-987D-A627187AA2B5}.Debug|Any CPU.Build.0 = Debug|Any CPU
		{AAC128E7-4525-484C-987D-A627187AA2B5}.Debug|x64.ActiveCfg = Debug|Any CPU
		{AAC128E7-4525-484C-987D-A627187AA2B5}.Debug|x64.Build.0 = Debug|Any CPU
		{AAC128E7-4525-484C-987D-A627187AA2B5}.Debug|x86.ActiveCfg = Debug|Any CPU
		{AAC128E7-4525-484C-987D-A627187AA2B5}.Debug|x86.Build.0 = Debug|Any CPU
		{AAC128E7-4525-484C-987D-A627187AA2B5}.Release|Any CPU.ActiveCfg = Release|Any CPU
		{AAC128E7-4525-484C-987D-A627187AA2B5}.Release|Any CPU.Build.0 = Release|Any CPU
		{AAC128E7-4525-484C-987D-A627187AA2B5}.Release|x64.ActiveCfg = Release|Any CPU
		{AAC128E7-4525-484C-987D-A627187AA2B5}.Release|x64.Build.0 = Release|Any CPU
		{AAC128E7-4525-484C-987D-A627187AA2B5}.Release|x86.ActiveCfg = Release|Any CPU
		{AAC128E7-4525-484C-987D-A627187AA2B5}.Release|x86.Build.0 = Release|Any CPU
		{E528C6B4-C437-4B6E-B457-B5E634FECEE1}.Debug|Any CPU.ActiveCfg = Debug|Any CPU
		{E528C6B4-C437-4B6E-B457-B5E634FECEE1}.Debug|Any CPU.Build.0 = Debug|Any CPU
		{E528C6B4-C437-4B6E-B457-B5E634FECEE1}.Debug|x64.ActiveCfg = Debug|Any CPU
		{E528C6B4-C437-4B6E-B457-B5E634FECEE1}.Debug|x64.Build.0 = Debug|Any CPU
		{E528C6B4-C437-4B6E-B457-B5E634FECEE1}.Debug|x86.ActiveCfg = Debug|Any CPU
		{E528C6B4-C437-4B6E-B457-B5E634FECEE1}.Debug|x86.Build.0 = Debug|Any CPU
		{E528C6B4-C437-4B6E-B457-B5E634FECEE1}.Release|Any CPU.ActiveCfg = Release|Any CPU
		{E528C6B4-C437-4B6E-B457-B5E634FECEE1}.Release|Any CPU.Build.0 = Release|Any CPU
		{E528C6B4-C437-4B6E-B457-B5E634FECEE1}.Release|x64.ActiveCfg = Release|Any CPU
		{E528C6B4-C437-4B6E-B457-B5E634FECEE1}.Release|x64.Build.0 = Release|Any CPU
		{E528C6B4-C437-4B6E-B457-B5E634FECEE1}.Release|x86.ActiveCfg = Release|Any CPU
		{E528C6B4-C437-4B6E-B457-B5E634FECEE1}.Release|x86.Build.0 = Release|Any CPU
		{4EFF55DF-8212-4CF0-90A7-025F70F16AE0}.Debug|Any CPU.ActiveCfg = Debug|Any CPU
		{4EFF55DF-8212-4CF0-90A7-025F70F16AE0}.Debug|Any CPU.Build.0 = Debug|Any CPU
		{4EFF55DF-8212-4CF0-90A7-025F70F16AE0}.Debug|x64.ActiveCfg = Debug|Any CPU
		{4EFF55DF-8212-4CF0-90A7-025F70F16AE0}.Debug|x64.Build.0 = Debug|Any CPU
		{4EFF55DF-8212-4CF0-90A7-025F70F16AE0}.Debug|x86.ActiveCfg = Debug|Any CPU
		{4EFF55DF-8212-4CF0-90A7-025F70F16AE0}.Debug|x86.Build.0 = Debug|Any CPU
		{4EFF55DF-8212-4CF0-90A7-025F70F16AE0}.Release|Any CPU.ActiveCfg = Release|Any CPU
		{4EFF55DF-8212-4CF0-90A7-025F70F16AE0}.Release|Any CPU.Build.0 = Release|Any CPU
		{4EFF55DF-8212-4CF0-90A7-025F70F16AE0}.Release|x64.ActiveCfg = Release|Any CPU
		{4EFF55DF-8212-4CF0-90A7-025F70F16AE0}.Release|x64.Build.0 = Release|Any CPU
		{4EFF55DF-8212-4CF0-90A7-025F70F16AE0}.Release|x86.ActiveCfg = Release|Any CPU
		{4EFF55DF-8212-4CF0-90A7-025F70F16AE0}.Release|x86.Build.0 = Release|Any CPU
		{2782EB3C-5278-490F-89C2-DB8D7B083E0B}.Debug|Any CPU.ActiveCfg = Debug|Any CPU
		{2782EB3C-5278-490F-89C2-DB8D7B083E0B}.Debug|Any CPU.Build.0 = Debug|Any CPU
		{2782EB3C-5278-490F-89C2-DB8D7B083E0B}.Debug|x64.ActiveCfg = Debug|Any CPU
		{2782EB3C-5278-490F-89C2-DB8D7B083E0B}.Debug|x64.Build.0 = Debug|Any CPU
		{2782EB3C-5278-490F-89C2-DB8D7B083E0B}.Debug|x86.ActiveCfg = Debug|Any CPU
		{2782EB3C-5278-490F-89C2-DB8D7B083E0B}.Debug|x86.Build.0 = Debug|Any CPU
		{2782EB3C-5278-490F-89C2-DB8D7B083E0B}.Release|Any CPU.ActiveCfg = Release|Any CPU
		{2782EB3C-5278-490F-89C2-DB8D7B083E0B}.Release|Any CPU.Build.0 = Release|Any CPU
		{2782EB3C-5278-490F-89C2-DB8D7B083E0B}.Release|x64.ActiveCfg = Release|Any CPU
		{2782EB3C-5278-490F-89C2-DB8D7B083E0B}.Release|x64.Build.0 = Release|Any CPU
		{2782EB3C-5278-490F-89C2-DB8D7B083E0B}.Release|x86.ActiveCfg = Release|Any CPU
		{2782EB3C-5278-490F-89C2-DB8D7B083E0B}.Release|x86.Build.0 = Release|Any CPU
		{5169FC64-9FF1-4421-8D31-FAA471488B31}.Debug|Any CPU.ActiveCfg = Debug|Any CPU
		{5169FC64-9FF1-4421-8D31-FAA471488B31}.Debug|Any CPU.Build.0 = Debug|Any CPU
		{5169FC64-9FF1-4421-8D31-FAA471488B31}.Debug|x64.ActiveCfg = Debug|Any CPU
		{5169FC64-9FF1-4421-8D31-FAA471488B31}.Debug|x64.Build.0 = Debug|Any CPU
		{5169FC64-9FF1-4421-8D31-FAA471488B31}.Debug|x86.ActiveCfg = Debug|Any CPU
		{5169FC64-9FF1-4421-8D31-FAA471488B31}.Debug|x86.Build.0 = Debug|Any CPU
		{5169FC64-9FF1-4421-8D31-FAA471488B31}.Release|Any CPU.ActiveCfg = Release|Any CPU
		{5169FC64-9FF1-4421-8D31-FAA471488B31}.Release|Any CPU.Build.0 = Release|Any CPU
		{5169FC64-9FF1-4421-8D31-FAA471488B31}.Release|x64.ActiveCfg = Release|Any CPU
		{5169FC64-9FF1-4421-8D31-FAA471488B31}.Release|x64.Build.0 = Release|Any CPU
		{5169FC64-9FF1-4421-8D31-FAA471488B31}.Release|x86.ActiveCfg = Release|Any CPU
		{5169FC64-9FF1-4421-8D31-FAA471488B31}.Release|x86.Build.0 = Release|Any CPU
		{7A2343BD-7F87-49A4-9C82-9266C4121A1B}.Debug|Any CPU.ActiveCfg = Debug|Any CPU
		{7A2343BD-7F87-49A4-9C82-9266C4121A1B}.Debug|Any CPU.Build.0 = Debug|Any CPU
		{7A2343BD-7F87-49A4-9C82-9266C4121A1B}.Debug|x64.ActiveCfg = Debug|Any CPU
		{7A2343BD-7F87-49A4-9C82-9266C4121A1B}.Debug|x64.Build.0 = Debug|Any CPU
		{7A2343BD-7F87-49A4-9C82-9266C4121A1B}.Debug|x86.ActiveCfg = Debug|Any CPU
		{7A2343BD-7F87-49A4-9C82-9266C4121A1B}.Debug|x86.Build.0 = Debug|Any CPU
		{7A2343BD-7F87-49A4-9C82-9266C4121A1B}.Release|Any CPU.ActiveCfg = Release|Any CPU
		{7A2343BD-7F87-49A4-9C82-9266C4121A1B}.Release|Any CPU.Build.0 = Release|Any CPU
		{7A2343BD-7F87-49A4-9C82-9266C4121A1B}.Release|x64.ActiveCfg = Release|Any CPU
		{7A2343BD-7F87-49A4-9C82-9266C4121A1B}.Release|x64.Build.0 = Release|Any CPU
		{7A2343BD-7F87-49A4-9C82-9266C4121A1B}.Release|x86.ActiveCfg = Release|Any CPU
		{7A2343BD-7F87-49A4-9C82-9266C4121A1B}.Release|x86.Build.0 = Release|Any CPU
		{05CCDC3E-118E-416E-9D35-B492F6438641}.Debug|Any CPU.ActiveCfg = Debug|Any CPU
		{05CCDC3E-118E-416E-9D35-B492F6438641}.Debug|Any CPU.Build.0 = Debug|Any CPU
		{05CCDC3E-118E-416E-9D35-B492F6438641}.Debug|x64.ActiveCfg = Debug|Any CPU
		{05CCDC3E-118E-416E-9D35-B492F6438641}.Debug|x64.Build.0 = Debug|Any CPU
		{05CCDC3E-118E-416E-9D35-B492F6438641}.Debug|x86.ActiveCfg = Debug|Any CPU
		{05CCDC3E-118E-416E-9D35-B492F6438641}.Debug|x86.Build.0 = Debug|Any CPU
		{05CCDC3E-118E-416E-9D35-B492F6438641}.Release|Any CPU.ActiveCfg = Release|Any CPU
		{05CCDC3E-118E-416E-9D35-B492F6438641}.Release|Any CPU.Build.0 = Release|Any CPU
		{05CCDC3E-118E-416E-9D35-B492F6438641}.Release|x64.ActiveCfg = Release|Any CPU
		{05CCDC3E-118E-416E-9D35-B492F6438641}.Release|x64.Build.0 = Release|Any CPU
		{05CCDC3E-118E-416E-9D35-B492F6438641}.Release|x86.ActiveCfg = Release|Any CPU
		{05CCDC3E-118E-416E-9D35-B492F6438641}.Release|x86.Build.0 = Release|Any CPU
		{0794E224-A70B-4B22-963C-80A6C25679EC}.Debug|Any CPU.ActiveCfg = Debug|Any CPU
		{0794E224-A70B-4B22-963C-80A6C25679EC}.Debug|Any CPU.Build.0 = Debug|Any CPU
		{0794E224-A70B-4B22-963C-80A6C25679EC}.Debug|x64.ActiveCfg = Debug|Any CPU
		{0794E224-A70B-4B22-963C-80A6C25679EC}.Debug|x64.Build.0 = Debug|Any CPU
		{0794E224-A70B-4B22-963C-80A6C25679EC}.Debug|x86.ActiveCfg = Debug|Any CPU
		{0794E224-A70B-4B22-963C-80A6C25679EC}.Debug|x86.Build.0 = Debug|Any CPU
		{0794E224-A70B-4B22-963C-80A6C25679EC}.Release|Any CPU.ActiveCfg = Release|Any CPU
		{0794E224-A70B-4B22-963C-80A6C25679EC}.Release|Any CPU.Build.0 = Release|Any CPU
		{0794E224-A70B-4B22-963C-80A6C25679EC}.Release|x64.ActiveCfg = Release|Any CPU
		{0794E224-A70B-4B22-963C-80A6C25679EC}.Release|x64.Build.0 = Release|Any CPU
		{0794E224-A70B-4B22-963C-80A6C25679EC}.Release|x86.ActiveCfg = Release|Any CPU
		{0794E224-A70B-4B22-963C-80A6C25679EC}.Release|x86.Build.0 = Release|Any CPU
		{62A7B080-92D4-491A-BBE3-2155B772BB52}.Debug|Any CPU.ActiveCfg = Debug|Any CPU
		{62A7B080-92D4-491A-BBE3-2155B772BB52}.Debug|Any CPU.Build.0 = Debug|Any CPU
		{62A7B080-92D4-491A-BBE3-2155B772BB52}.Debug|x64.ActiveCfg = Debug|Any CPU
		{62A7B080-92D4-491A-BBE3-2155B772BB52}.Debug|x64.Build.0 = Debug|Any CPU
		{62A7B080-92D4-491A-BBE3-2155B772BB52}.Debug|x86.ActiveCfg = Debug|Any CPU
		{62A7B080-92D4-491A-BBE3-2155B772BB52}.Debug|x86.Build.0 = Debug|Any CPU
		{62A7B080-92D4-491A-BBE3-2155B772BB52}.Release|Any CPU.ActiveCfg = Release|Any CPU
		{62A7B080-92D4-491A-BBE3-2155B772BB52}.Release|Any CPU.Build.0 = Release|Any CPU
		{62A7B080-92D4-491A-BBE3-2155B772BB52}.Release|x64.ActiveCfg = Release|Any CPU
		{62A7B080-92D4-491A-BBE3-2155B772BB52}.Release|x64.Build.0 = Release|Any CPU
		{62A7B080-92D4-491A-BBE3-2155B772BB52}.Release|x86.ActiveCfg = Release|Any CPU
		{62A7B080-92D4-491A-BBE3-2155B772BB52}.Release|x86.Build.0 = Release|Any CPU
		{1597506E-0D76-4FE5-8D16-069174952A27}.Debug|Any CPU.ActiveCfg = Debug|Any CPU
		{1597506E-0D76-4FE5-8D16-069174952A27}.Debug|Any CPU.Build.0 = Debug|Any CPU
		{1597506E-0D76-4FE5-8D16-069174952A27}.Debug|x64.ActiveCfg = Debug|Any CPU
		{1597506E-0D76-4FE5-8D16-069174952A27}.Debug|x64.Build.0 = Debug|Any CPU
		{1597506E-0D76-4FE5-8D16-069174952A27}.Debug|x86.ActiveCfg = Debug|Any CPU
		{1597506E-0D76-4FE5-8D16-069174952A27}.Debug|x86.Build.0 = Debug|Any CPU
		{1597506E-0D76-4FE5-8D16-069174952A27}.Release|Any CPU.ActiveCfg = Release|Any CPU
		{1597506E-0D76-4FE5-8D16-069174952A27}.Release|Any CPU.Build.0 = Release|Any CPU
		{1597506E-0D76-4FE5-8D16-069174952A27}.Release|x64.ActiveCfg = Release|Any CPU
		{1597506E-0D76-4FE5-8D16-069174952A27}.Release|x64.Build.0 = Release|Any CPU
		{1597506E-0D76-4FE5-8D16-069174952A27}.Release|x86.ActiveCfg = Release|Any CPU
		{1597506E-0D76-4FE5-8D16-069174952A27}.Release|x86.Build.0 = Release|Any CPU
		{7005548F-A0B7-4FA0-9E09-69D050F65DE1}.Debug|Any CPU.ActiveCfg = Debug|Any CPU
		{7005548F-A0B7-4FA0-9E09-69D050F65DE1}.Debug|Any CPU.Build.0 = Debug|Any CPU
		{7005548F-A0B7-4FA0-9E09-69D050F65DE1}.Debug|x64.ActiveCfg = Debug|Any CPU
		{7005548F-A0B7-4FA0-9E09-69D050F65DE1}.Debug|x64.Build.0 = Debug|Any CPU
		{7005548F-A0B7-4FA0-9E09-69D050F65DE1}.Debug|x86.ActiveCfg = Debug|Any CPU
		{7005548F-A0B7-4FA0-9E09-69D050F65DE1}.Debug|x86.Build.0 = Debug|Any CPU
		{7005548F-A0B7-4FA0-9E09-69D050F65DE1}.Release|Any CPU.ActiveCfg = Release|Any CPU
		{7005548F-A0B7-4FA0-9E09-69D050F65DE1}.Release|Any CPU.Build.0 = Release|Any CPU
		{7005548F-A0B7-4FA0-9E09-69D050F65DE1}.Release|x64.ActiveCfg = Release|Any CPU
		{7005548F-A0B7-4FA0-9E09-69D050F65DE1}.Release|x64.Build.0 = Release|Any CPU
		{7005548F-A0B7-4FA0-9E09-69D050F65DE1}.Release|x86.ActiveCfg = Release|Any CPU
		{7005548F-A0B7-4FA0-9E09-69D050F65DE1}.Release|x86.Build.0 = Release|Any CPU
		{D7E4F006-F054-42A4-B1BD-4558A92CC106}.Debug|Any CPU.ActiveCfg = Debug|Any CPU
		{D7E4F006-F054-42A4-B1BD-4558A92CC106}.Debug|Any CPU.Build.0 = Debug|Any CPU
		{D7E4F006-F054-42A4-B1BD-4558A92CC106}.Debug|x64.ActiveCfg = Debug|Any CPU
		{D7E4F006-F054-42A4-B1BD-4558A92CC106}.Debug|x64.Build.0 = Debug|Any CPU
		{D7E4F006-F054-42A4-B1BD-4558A92CC106}.Debug|x86.ActiveCfg = Debug|Any CPU
		{D7E4F006-F054-42A4-B1BD-4558A92CC106}.Debug|x86.Build.0 = Debug|Any CPU
		{D7E4F006-F054-42A4-B1BD-4558A92CC106}.Release|Any CPU.ActiveCfg = Release|Any CPU
		{D7E4F006-F054-42A4-B1BD-4558A92CC106}.Release|Any CPU.Build.0 = Release|Any CPU
		{D7E4F006-F054-42A4-B1BD-4558A92CC106}.Release|x64.ActiveCfg = Release|Any CPU
		{D7E4F006-F054-42A4-B1BD-4558A92CC106}.Release|x64.Build.0 = Release|Any CPU
		{D7E4F006-F054-42A4-B1BD-4558A92CC106}.Release|x86.ActiveCfg = Release|Any CPU
		{D7E4F006-F054-42A4-B1BD-4558A92CC106}.Release|x86.Build.0 = Release|Any CPU
		{00BB7ECF-889E-40E2-B79B-33A8FFF8783A}.Debug|Any CPU.ActiveCfg = Debug|Any CPU
		{00BB7ECF-889E-40E2-B79B-33A8FFF8783A}.Debug|Any CPU.Build.0 = Debug|Any CPU
		{00BB7ECF-889E-40E2-B79B-33A8FFF8783A}.Debug|x64.ActiveCfg = Debug|Any CPU
		{00BB7ECF-889E-40E2-B79B-33A8FFF8783A}.Debug|x64.Build.0 = Debug|Any CPU
		{00BB7ECF-889E-40E2-B79B-33A8FFF8783A}.Debug|x86.ActiveCfg = Debug|Any CPU
		{00BB7ECF-889E-40E2-B79B-33A8FFF8783A}.Debug|x86.Build.0 = Debug|Any CPU
		{00BB7ECF-889E-40E2-B79B-33A8FFF8783A}.Release|Any CPU.ActiveCfg = Release|Any CPU
		{00BB7ECF-889E-40E2-B79B-33A8FFF8783A}.Release|Any CPU.Build.0 = Release|Any CPU
		{00BB7ECF-889E-40E2-B79B-33A8FFF8783A}.Release|x64.ActiveCfg = Release|Any CPU
		{00BB7ECF-889E-40E2-B79B-33A8FFF8783A}.Release|x64.Build.0 = Release|Any CPU
		{00BB7ECF-889E-40E2-B79B-33A8FFF8783A}.Release|x86.ActiveCfg = Release|Any CPU
		{00BB7ECF-889E-40E2-B79B-33A8FFF8783A}.Release|x86.Build.0 = Release|Any CPU
		{FE481963-9AD6-40F5-96EF-450892B0670C}.Debug|Any CPU.ActiveCfg = Debug|Any CPU
		{FE481963-9AD6-40F5-96EF-450892B0670C}.Debug|Any CPU.Build.0 = Debug|Any CPU
		{FE481963-9AD6-40F5-96EF-450892B0670C}.Debug|x64.ActiveCfg = Debug|Any CPU
		{FE481963-9AD6-40F5-96EF-450892B0670C}.Debug|x64.Build.0 = Debug|Any CPU
		{FE481963-9AD6-40F5-96EF-450892B0670C}.Debug|x86.ActiveCfg = Debug|Any CPU
		{FE481963-9AD6-40F5-96EF-450892B0670C}.Debug|x86.Build.0 = Debug|Any CPU
		{FE481963-9AD6-40F5-96EF-450892B0670C}.Release|Any CPU.ActiveCfg = Release|Any CPU
		{FE481963-9AD6-40F5-96EF-450892B0670C}.Release|Any CPU.Build.0 = Release|Any CPU
		{FE481963-9AD6-40F5-96EF-450892B0670C}.Release|x64.ActiveCfg = Release|Any CPU
		{FE481963-9AD6-40F5-96EF-450892B0670C}.Release|x64.Build.0 = Release|Any CPU
		{FE481963-9AD6-40F5-96EF-450892B0670C}.Release|x86.ActiveCfg = Release|Any CPU
		{FE481963-9AD6-40F5-96EF-450892B0670C}.Release|x86.Build.0 = Release|Any CPU
	EndGlobalSection
	GlobalSection(SolutionProperties) = preSolution
		HideSolutionNode = FALSE
	EndGlobalSection
	GlobalSection(NestedProjects) = preSolution
		{DB66F333-B7B9-428E-87A4-D7A5CD4FFBF3} = {02EA681E-C7D8-13C7-8484-4AC65E1B71E8}
		{A29A9555-C646-4469-A111-6E8C02130D9B} = {02EA681E-C7D8-13C7-8484-4AC65E1B71E8}
		{7FBE24DB-24CC-448B-BB21-9651F9711B02} = {A29A9555-C646-4469-A111-6E8C02130D9B}
		{30177C99-0AD6-47DA-A4D5-F7326D236DB6} = {DB66F333-B7B9-428E-87A4-D7A5CD4FFBF3}
		{3E86D744-C46D-4207-AF33-80FBB134F09E} = {30177C99-0AD6-47DA-A4D5-F7326D236DB6}
		{42EC5F58-8B85-431D-8AED-3FDC9F86FEFB} = {30177C99-0AD6-47DA-A4D5-F7326D236DB6}
		{BBD097AA-DA01-49E1-BB83-D2A3FB505225} = {30177C99-0AD6-47DA-A4D5-F7326D236DB6}
		{87F1B897-B55D-4FBB-9D49-5CA65B2CF836} = {30177C99-0AD6-47DA-A4D5-F7326D236DB6}
		{7C877CDD-E96F-9986-4502-FBC204039CF1} = {02EA681E-C7D8-13C7-8484-4AC65E1B71E8}
		{0E188F8B-A251-6EA3-D6E6-98A6CB1ACF9A} = {02EA681E-C7D8-13C7-8484-4AC65E1B71E8}
		{D4865D22-4FD3-6440-A8EE-C40DCD6873C4} = {02EA681E-C7D8-13C7-8484-4AC65E1B71E8}
		{BFFEFBBA-0080-932F-4B36-02A5CE8D2153} = {02EA681E-C7D8-13C7-8484-4AC65E1B71E8}
		{8045B50E-C7B9-48D7-9E9F-95A22EB1BBD0} = {DB66F333-B7B9-428E-87A4-D7A5CD4FFBF3}
		{5CCCA057-1A34-480E-B7BF-3E330BFF4BBF} = {8045B50E-C7B9-48D7-9E9F-95A22EB1BBD0}
		{F36D4DD2-1429-4C0A-915E-08BEAC45745E} = {8045B50E-C7B9-48D7-9E9F-95A22EB1BBD0}
		{6A0E6224-7DE2-486C-B7CF-93A82383109C} = {8045B50E-C7B9-48D7-9E9F-95A22EB1BBD0}
		{19ADF542-5B55-482C-9F11-3F42A8A066B5} = {8045B50E-C7B9-48D7-9E9F-95A22EB1BBD0}
		{A6D188B3-5AA0-4208-B13A-556A24DF08CE} = {DB66F333-B7B9-428E-87A4-D7A5CD4FFBF3}
		{C66603C6-9EA4-4FA9-8ECF-A9CD101CC2C7} = {A6D188B3-5AA0-4208-B13A-556A24DF08CE}
		{ECA0189F-840C-4200-A5B3-97C8D41E60DC} = {A6D188B3-5AA0-4208-B13A-556A24DF08CE}
		{AAC128E7-4525-484C-987D-A627187AA2B5} = {A6D188B3-5AA0-4208-B13A-556A24DF08CE}
		{E528C6B4-C437-4B6E-B457-B5E634FECEE1} = {A6D188B3-5AA0-4208-B13A-556A24DF08CE}
		{2BE69F31-2B43-4666-8108-37ECE6B9FEE7} = {DB66F333-B7B9-428E-87A4-D7A5CD4FFBF3}
		{4EFF55DF-8212-4CF0-90A7-025F70F16AE0} = {2BE69F31-2B43-4666-8108-37ECE6B9FEE7}
		{2782EB3C-5278-490F-89C2-DB8D7B083E0B} = {2BE69F31-2B43-4666-8108-37ECE6B9FEE7}
		{5169FC64-9FF1-4421-8D31-FAA471488B31} = {2BE69F31-2B43-4666-8108-37ECE6B9FEE7}
		{7A2343BD-7F87-49A4-9C82-9266C4121A1B} = {2BE69F31-2B43-4666-8108-37ECE6B9FEE7}
		{50F2DE38-112F-4F58-B220-F6C2370E4C61} = {DB66F333-B7B9-428E-87A4-D7A5CD4FFBF3}
		{05CCDC3E-118E-416E-9D35-B492F6438641} = {50F2DE38-112F-4F58-B220-F6C2370E4C61}
		{0794E224-A70B-4B22-963C-80A6C25679EC} = {50F2DE38-112F-4F58-B220-F6C2370E4C61}
		{62A7B080-92D4-491A-BBE3-2155B772BB52} = {50F2DE38-112F-4F58-B220-F6C2370E4C61}
		{1597506E-0D76-4FE5-8D16-069174952A27} = {50F2DE38-112F-4F58-B220-F6C2370E4C61}
		{E65712D6-C374-4FF0-959C-B974D6456421} = {DB66F333-B7B9-428E-87A4-D7A5CD4FFBF3}
		{7005548F-A0B7-4FA0-9E09-69D050F65DE1} = {E65712D6-C374-4FF0-959C-B974D6456421}
		{D7E4F006-F054-42A4-B1BD-4558A92CC106} = {E65712D6-C374-4FF0-959C-B974D6456421}
		{00BB7ECF-889E-40E2-B79B-33A8FFF8783A} = {E65712D6-C374-4FF0-959C-B974D6456421}
		{FE481963-9AD6-40F5-96EF-450892B0670C} = {E65712D6-C374-4FF0-959C-B974D6456421}
	EndGlobalSection
	GlobalSection(ExtensibilityGlobals) = postSolution
		SolutionGuid = {4545ACB3-BF51-4AA7-91CB-19A8A4B654B7}
	EndGlobalSection
EndGlobal
